
Microsoft Visual Studio Solution File, Format Version 12.00
# Visual Studio 14
VisualStudioVersion = 14.0.25123.0
MinimumVisualStudioVersion = 10.0.40219.1
Project("{FAE04EC0-301F-11D3-BF4B-00C04F79EFBC}") = "PlanarGraphColoring", "PlanarGraphColoring\PlanarGraphColoring.csproj", "{90433915-5216-4935-8AC6-2E28892B4545}"
EndProject
Project("{FAE04EC0-301F-11D3-BF4B-00C04F79EFBC}") = "ColoringTests", "ColoringTests\ColoringTests.csproj", "{C3502AC2-D086-42BF-A189-E4A6A3C9D381}"
EndProject
Project("{FAE04EC0-301F-11D3-BF4B-00C04F79EFBC}") = "GraphTestDataParser", "GraphTestDataParser\GraphTestDataParser.csproj", "{3769E9C3-BDEC-411D-A854-6675528C8F15}"
EndProject
Global
	GlobalSection(SolutionConfigurationPlatforms) = preSolution
		Debug|Any CPU = Debug|Any CPU
		Release|Any CPU = Release|Any CPU
	EndGlobalSection
	GlobalSection(ProjectConfigurationPlatforms) = postSolution
		{90433915-5216-4935-8AC6-2E28892B4545}.Debug|Any CPU.ActiveCfg = Debug|Any CPU
		{90433915-5216-4935-8AC6-2E28892B4545}.Debug|Any CPU.Build.0 = Debug|Any CPU
		{90433915-5216-4935-8AC6-2E28892B4545}.Release|Any CPU.ActiveCfg = Release|Any CPU
		{90433915-5216-4935-8AC6-2E28892B4545}.Release|Any CPU.Build.0 = Release|Any CPU
		{C3502AC2-D086-42BF-A189-E4A6A3C9D381}.Debug|Any CPU.ActiveCfg = Debug|Any CPU
		{C3502AC2-D086-42BF-A189-E4A6A3C9D381}.Debug|Any CPU.Build.0 = Debug|Any CPU
		{C3502AC2-D086-42BF-A189-E4A6A3C9D381}.Release|Any CPU.ActiveCfg = Release|Any CPU
		{C3502AC2-D086-42BF-A189-E4A6A3C9D381}.Release|Any CPU.Build.0 = Release|Any CPU
		{3769E9C3-BDEC-411D-A854-6675528C8F15}.Debug|Any CPU.ActiveCfg = Debug|Any CPU
		{3769E9C3-BDEC-411D-A854-6675528C8F15}.Debug|Any CPU.Build.0 = Debug|Any CPU
		{3769E9C3-BDEC-411D-A854-6675528C8F15}.Release|Any CPU.ActiveCfg = Release|Any CPU
		{3769E9C3-BDEC-411D-A854-6675528C8F15}.Release|Any CPU.Build.0 = Release|Any CPU
	EndGlobalSection
	GlobalSection(SolutionProperties) = preSolution
		HideSolutionNode = FALSE
	EndGlobalSection
EndGlobal
